
Microsoft Visual Studio Solution File, Format Version 12.00
# Visual Studio 15
VisualStudioVersion = 15.0.28307.421
MinimumVisualStudioVersion = 10.0.40219.1
Project("{FAE04EC0-301F-11D3-BF4B-00C04F79EFBC}") = "Greeter.Service", "Greeter.Service\Greeter.Service.csproj", "{EBD82866-4CCB-4984-A1FC-0B3E889AA98A}"
EndProject
Global
	GlobalSection(SolutionConfigurationPlatforms) = preSolution
		Debug|Any CPU = Debug|Any CPU
		Release|Any CPU = Release|Any CPU
	EndGlobalSection
	GlobalSection(ProjectConfigurationPlatforms) = postSolution
		{EBD82866-4CCB-4984-A1FC-0B3E889AA98A}.Debug|Any CPU.ActiveCfg = Debug|Any CPU
		{EBD82866-4CCB-4984-A1FC-0B3E889AA98A}.Debug|Any CPU.Build.0 = Debug|Any CPU
		{EBD82866-4CCB-4984-A1FC-0B3E889AA98A}.Release|Any CPU.ActiveCfg = Release|Any CPU
		{EBD82866-4CCB-4984-A1FC-0B3E889AA98A}.Release|Any CPU.Build.0 = Release|Any CPU
	EndGlobalSection
	GlobalSection(SolutionProperties) = preSolution
		HideSolutionNode = FALSE
	EndGlobalSection
	GlobalSection(ExtensibilityGlobals) = postSolution
		SolutionGuid = {32A3F673-F58C-4EBC-AAA5-1D72A2B85EF0}
	EndGlobalSection
EndGlobal
